// !$*UTF8*$!
{
	archiveVersion = 1;
	classes = {
	};
	objectVersion = 46;
	objects = {

/* Begin PBXBuildFile section */
		430BDE8B179FCD180094343E /* BaseView.m in Sources */ = {isa = PBXBuildFile; fileRef = 430BDE82179FCD180094343E /* BaseView.m */; };
		430BDE8C179FCD180094343E /* BaseViewController.m in Sources */ = {isa = PBXBuildFile; fileRef = 430BDE84179FCD180094343E /* BaseViewController.m */; };
		430BDE8D179FCD180094343E /* ModelBase.m in Sources */ = {isa = PBXBuildFile; fileRef = 430BDE87179FCD180094343E /* ModelBase.m */; };
		430BDE8E179FCD180094343E /* RequestJSONObject.m in Sources */ = {isa = PBXBuildFile; fileRef = 430BDE89179FCD180094343E /* RequestJSONObject.m */; };
		430BDF4D179FD5600094343E /* TestView.m in Sources */ = {isa = PBXBuildFile; fileRef = 430BDF4A179FD5600094343E /* TestView.m */; };
		430BDF5417A012630094343E /* TestView.xib in Resources */ = {isa = PBXBuildFile; fileRef = 430BDF5317A012630094343E /* TestView.xib */; };
		437D313E1784424300686841 /* UIKit.framework in Frameworks */ = {isa = PBXBuildFile; fileRef = 437D313D1784424300686841 /* UIKit.framework */; };
		437D31401784424300686841 /* Foundation.framework in Frameworks */ = {isa = PBXBuildFile; fileRef = 437D313F1784424300686841 /* Foundation.framework */; };
		437D31421784424300686841 /* CoreGraphics.framework in Frameworks */ = {isa = PBXBuildFile; fileRef = 437D31411784424300686841 /* CoreGraphics.framework */; };
		437D31481784424300686841 /* InfoPlist.strings in Resources */ = {isa = PBXBuildFile; fileRef = 437D31461784424300686841 /* InfoPlist.strings */; };
		437D314A1784424300686841 /* main.m in Sources */ = {isa = PBXBuildFile; fileRef = 437D31491784424300686841 /* main.m */; };
		437D314E1784424300686841 /* AppDelegate.m in Sources */ = {isa = PBXBuildFile; fileRef = 437D314D1784424300686841 /* AppDelegate.m */; };
		437D31501784424300686841 /* Default.png in Resources */ = {isa = PBXBuildFile; fileRef = 437D314F1784424300686841 /* Default.png */; };
		437D31521784424300686841 /* Default@2x.png in Resources */ = {isa = PBXBuildFile; fileRef = 437D31511784424300686841 /* Default@2x.png */; };
		437D31541784424300686841 /* Default-568h@2x.png in Resources */ = {isa = PBXBuildFile; fileRef = 437D31531784424300686841 /* Default-568h@2x.png */; };
		43B494A3181901600006EFAF /* TestViewController.m in Sources */ = {isa = PBXBuildFile; fileRef = 430BDF4C179FD5600094343E /* TestViewController.m */; };
		43E71A2D181E5D23006F80FA /* json.txt in Resources */ = {isa = PBXBuildFile; fileRef = 43E71A2C181E5D23006F80FA /* json.txt */; };
/* End PBXBuildFile section */

/* Begin PBXFileReference section */
		430BDE81179FCD180094343E /* BaseView.h */ = {isa = PBXFileReference; fileEncoding = 4; lastKnownFileType = sourcecode.c.h; path = BaseView.h; sourceTree = "<group>"; };
		430BDE82179FCD180094343E /* BaseView.m */ = {isa = PBXFileReference; fileEncoding = 4; lastKnownFileType = sourcecode.c.objc; path = BaseView.m; sourceTree = "<group>"; };
		430BDE83179FCD180094343E /* BaseViewController.h */ = {isa = PBXFileReference; fileEncoding = 4; lastKnownFileType = sourcecode.c.h; path = BaseViewController.h; sourceTree = "<group>"; };
		430BDE84179FCD180094343E /* BaseViewController.m */ = {isa = PBXFileReference; fileEncoding = 4; lastKnownFileType = sourcecode.c.objc; path = BaseViewController.m; sourceTree = "<group>"; };
		430BDE85179FCD180094343E /* JSONModelBaseProtocol.h */ = {isa = PBXFileReference; fileEncoding = 4; lastKnownFileType = sourcecode.c.h; path = JSONModelBaseProtocol.h; sourceTree = "<group>"; };
		430BDE86179FCD180094343E /* ModelBase.h */ = {isa = PBXFileReference; fileEncoding = 4; lastKnownFileType = sourcecode.c.h; path = ModelBase.h; sourceTree = "<group>"; };
		430BDE87179FCD180094343E /* ModelBase.m */ = {isa = PBXFileReference; fileEncoding = 4; lastKnownFileType = sourcecode.c.objc; path = ModelBase.m; sourceTree = "<group>"; };
		430BDE88179FCD180094343E /* RequestJSONObject.h */ = {isa = PBXFileReference; fileEncoding = 4; lastKnownFileType = sourcecode.c.h; path = RequestJSONObject.h; sourceTree = "<group>"; };
		430BDE89179FCD180094343E /* RequestJSONObject.m */ = {isa = PBXFileReference; fileEncoding = 4; lastKnownFileType = sourcecode.c.objc; path = RequestJSONObject.m; sourceTree = "<group>"; };
		430BDF49179FD5600094343E /* TestView.h */ = {isa = PBXFileReference; fileEncoding = 4; lastKnownFileType = sourcecode.c.h; path = TestView.h; sourceTree = "<group>"; };
		430BDF4A179FD5600094343E /* TestView.m */ = {isa = PBXFileReference; fileEncoding = 4; lastKnownFileType = sourcecode.c.objc; path = TestView.m; sourceTree = "<group>"; };
		430BDF4B179FD5600094343E /* TestViewController.h */ = {isa = PBXFileReference; fileEncoding = 4; lastKnownFileType = sourcecode.c.h; path = TestViewController.h; sourceTree = "<group>"; };
		430BDF4C179FD5600094343E /* TestViewController.m */ = {isa = PBXFileReference; fileEncoding = 4; lastKnownFileType = sourcecode.c.objc; path = TestViewController.m; sourceTree = "<group>"; };
		430BDF5317A012630094343E /* TestView.xib */ = {isa = PBXFileReference; fileEncoding = 4; lastKnownFileType = file.xib; path = TestView.xib; sourceTree = "<group>"; };
		432CC45A17F94B1D00E32933 /* AppDelegate.h */ = {isa = PBXFileReference; lastKnownFileType = sourcecode.c.h; path = AppDelegate.h; sourceTree = "<group>"; };
		437D313A1784424300686841 /* JSON Test.app */ = {isa = PBXFileReference; explicitFileType = wrapper.application; includeInIndex = 0; path = "JSON Test.app"; sourceTree = BUILT_PRODUCTS_DIR; };
		437D313D1784424300686841 /* UIKit.framework */ = {isa = PBXFileReference; lastKnownFileType = wrapper.framework; name = UIKit.framework; path = System/Library/Frameworks/UIKit.framework; sourceTree = SDKROOT; };
		437D313F1784424300686841 /* Foundation.framework */ = {isa = PBXFileReference; lastKnownFileType = wrapper.framework; name = Foundation.framework; path = System/Library/Frameworks/Foundation.framework; sourceTree = SDKROOT; };
		437D31411784424300686841 /* CoreGraphics.framework */ = {isa = PBXFileReference; lastKnownFileType = wrapper.framework; name = CoreGraphics.framework; path = System/Library/Frameworks/CoreGraphics.framework; sourceTree = SDKROOT; };
		437D31451784424300686841 /* JSON Test-Info.plist */ = {isa = PBXFileReference; lastKnownFileType = text.plist.xml; path = "JSON Test-Info.plist"; sourceTree = "<group>"; };
		437D31471784424300686841 /* en */ = {isa = PBXFileReference; lastKnownFileType = text.plist.strings; name = en; path = en.lproj/InfoPlist.strings; sourceTree = "<group>"; };
		437D31491784424300686841 /* main.m */ = {isa = PBXFileReference; lastKnownFileType = sourcecode.c.objc; path = main.m; sourceTree = "<group>"; };
		437D314B1784424300686841 /* JSON Test-Prefix.pch */ = {isa = PBXFileReference; lastKnownFileType = sourcecode.c.h; path = "JSON Test-Prefix.pch"; sourceTree = "<group>"; };
		437D314D1784424300686841 /* AppDelegate.m */ = {isa = PBXFileReference; lastKnownFileType = sourcecode.c.objc; path = AppDelegate.m; sourceTree = "<group>"; };
		437D314F1784424300686841 /* Default.png */ = {isa = PBXFileReference; lastKnownFileType = image.png; path = Default.png; sourceTree = "<group>"; };
		437D31511784424300686841 /* Default@2x.png */ = {isa = PBXFileReference; lastKnownFileType = image.png; path = "Default@2x.png"; sourceTree = "<group>"; };
		437D31531784424300686841 /* Default-568h@2x.png */ = {isa = PBXFileReference; lastKnownFileType = image.png; path = "Default-568h@2x.png"; sourceTree = "<group>"; };
		43E71A2C181E5D23006F80FA /* json.txt */ = {isa = PBXFileReference; fileEncoding = 4; lastKnownFileType = text; path = json.txt; sourceTree = "<group>"; };
/* End PBXFileReference section */

/* Begin PBXFrameworksBuildPhase section */
		437D31371784424300686841 /* Frameworks */ = {
			isa = PBXFrameworksBuildPhase;
			buildActionMask = 2147483647;
			files = (
				437D313E1784424300686841 /* UIKit.framework in Frameworks */,
				437D31401784424300686841 /* Foundation.framework in Frameworks */,
				437D31421784424300686841 /* CoreGraphics.framework in Frameworks */,
			);
			runOnlyForDeploymentPostprocessing = 0;
		};
/* End PBXFrameworksBuildPhase section */

/* Begin PBXGroup section */
		430BDE80179FCD180094343E /* Base */ = {
			isa = PBXGroup;
			children = (
				430BDE81179FCD180094343E /* BaseView.h */,
				430BDE82179FCD180094343E /* BaseView.m */,
				430BDE83179FCD180094343E /* BaseViewController.h */,
				430BDE84179FCD180094343E /* BaseViewController.m */,
				430BDE85179FCD180094343E /* JSONModelBaseProtocol.h */,
				430BDE86179FCD180094343E /* ModelBase.h */,
				430BDE87179FCD180094343E /* ModelBase.m */,
				430BDE88179FCD180094343E /* RequestJSONObject.h */,
				430BDE89179FCD180094343E /* RequestJSONObject.m */,
			);
			path = Base;
			sourceTree = "<group>";
		};
		430BDE8A179FCD180094343E /* Model */ = {
			isa = PBXGroup;
			children = (
			);
			path = Model;
			sourceTree = "<group>";
		};
		430BDF48179FD5600094343E /* source */ = {
			isa = PBXGroup;
			children = (
				430BDF49179FD5600094343E /* TestView.h */,
				430BDF4A179FD5600094343E /* TestView.m */,
				430BDF4B179FD5600094343E /* TestViewController.h */,
				430BDF4C179FD5600094343E /* TestViewController.m */,
				430BDF5317A012630094343E /* TestView.xib */,
			);
			path = source;
			sourceTree = "<group>";
		};
		437D31311784424300686841 = {
			isa = PBXGroup;
			children = (
				437D31431784424300686841 /* JSON Test */,
				437D313C1784424300686841 /* Frameworks */,
				437D313B1784424300686841 /* Products */,
			);
			sourceTree = "<group>";
		};
		437D313B1784424300686841 /* Products */ = {
			isa = PBXGroup;
			children = (
				437D313A1784424300686841 /* JSON Test.app */,
			);
			name = Products;
			sourceTree = "<group>";
		};
		437D313C1784424300686841 /* Frameworks */ = {
			isa = PBXGroup;
			children = (
				437D313D1784424300686841 /* UIKit.framework */,
				437D313F1784424300686841 /* Foundation.framework */,
				437D31411784424300686841 /* CoreGraphics.framework */,
			);
			name = Frameworks;
			sourceTree = "<group>";
		};
		437D31431784424300686841 /* JSON Test */ = {
			isa = PBXGroup;
			children = (
				430BDF48179FD5600094343E /* source */,
				430BDE80179FCD180094343E /* Base */,
				430BDE8A179FCD180094343E /* Model */,
				437D314D1784424300686841 /* AppDelegate.m */,
				432CC45A17F94B1D00E32933 /* AppDelegate.h */,
				437D31441784424300686841 /* Supporting Files */,
			);
			path = "JSON Test";
			sourceTree = "<group>";
		};
		437D31441784424300686841 /* Supporting Files */ = {
			isa = PBXGroup;
			children = (
				43E71A2C181E5D23006F80FA /* json.txt */,
				437D31451784424300686841 /* JSON Test-Info.plist */,
				437D31461784424300686841 /* InfoPlist.strings */,
				437D31491784424300686841 /* main.m */,
				437D314B1784424300686841 /* JSON Test-Prefix.pch */,
				437D314F1784424300686841 /* Default.png */,
				437D31511784424300686841 /* Default@2x.png */,
				437D31531784424300686841 /* Default-568h@2x.png */,
			);
			name = "Supporting Files";
			sourceTree = "<group>";
		};
/* End PBXGroup section */

/* Begin PBXNativeTarget section */
		437D31391784424300686841 /* JSON Test */ = {
			isa = PBXNativeTarget;
			buildConfigurationList = 437D315D1784424300686841 /* Build configuration list for PBXNativeTarget "JSON Test" */;
			buildPhases = (
				437D31361784424300686841 /* Sources */,
				437D31371784424300686841 /* Frameworks */,
				437D31381784424300686841 /* Resources */,
			);
			buildRules = (
			);
			dependencies = (
			);
			name = "JSON Test";
			productName = "JSON Test";
			productReference = 437D313A1784424300686841 /* JSON Test.app */;
			productType = "com.apple.product-type.application";
		};
/* End PBXNativeTarget section */

/* Begin PBXProject section */
		437D31321784424300686841 /* Project object */ = {
			isa = PBXProject;
			attributes = {
				LastUpgradeCheck = 0460;
				ORGANIZATIONNAME = "Sharma Elanthiraiyan";
			};
			buildConfigurationList = 437D31351784424300686841 /* Build configuration list for PBXProject "JSON Test" */;
			compatibilityVersion = "Xcode 3.2";
			developmentRegion = English;
			hasScannedForEncodings = 0;
			knownRegions = (
				en,
			);
			mainGroup = 437D31311784424300686841;
			productRefGroup = 437D313B1784424300686841 /* Products */;
			projectDirPath = "";
			projectRoot = "";
			targets = (
				437D31391784424300686841 /* JSON Test */,
			);
		};
/* End PBXProject section */

/* Begin PBXResourcesBuildPhase section */
		437D31381784424300686841 /* Resources */ = {
			isa = PBXResourcesBuildPhase;
			buildActionMask = 2147483647;
			files = (
				437D31481784424300686841 /* InfoPlist.strings in Resources */,
				437D31501784424300686841 /* Default.png in Resources */,
				437D31521784424300686841 /* Default@2x.png in Resources */,
				437D31541784424300686841 /* Default-568h@2x.png in Resources */,
				43E71A2D181E5D23006F80FA /* json.txt in Resources */,
				430BDF5417A012630094343E /* TestView.xib in Resources */,
			);
			runOnlyForDeploymentPostprocessing = 0;
		};
/* End PBXResourcesBuildPhase section */

/* Begin PBXSourcesBuildPhase section */
		437D31361784424300686841 /* Sources */ = {
			isa = PBXSourcesBuildPhase;
			buildActionMask = 2147483647;
			files = (
				437D314A1784424300686841 /* main.m in Sources */,
				437D314E1784424300686841 /* AppDelegate.m in Sources */,
				430BDE8B179FCD180094343E /* BaseView.m in Sources */,
				43B494A3181901600006EFAF /* TestViewController.m in Sources */,
				430BDE8C179FCD180094343E /* BaseViewController.m in Sources */,
				430BDE8D179FCD180094343E /* ModelBase.m in Sources */,
				430BDE8E179FCD180094343E /* RequestJSONObject.m in Sources */,
				430BDF4D179FD5600094343E /* TestView.m in Sources */,
			);
			runOnlyForDeploymentPostprocessing = 0;
		};
/* End PBXSourcesBuildPhase section */

/* Begin PBXVariantGroup section */
		437D31461784424300686841 /* InfoPlist.strings */ = {
			isa = PBXVariantGroup;
			children = (
				437D31471784424300686841 /* en */,
			);
			name = InfoPlist.strings;
			sourceTree = "<group>";
		};
/* End PBXVariantGroup section */

/* Begin XCBuildConfiguration section */
		437D315B1784424300686841 /* Debug */ = {
			isa = XCBuildConfiguration;
			buildSettings = {
				ALWAYS_SEARCH_USER_PATHS = NO;
				CLANG_CXX_LANGUAGE_STANDARD = "gnu++0x";
				CLANG_CXX_LIBRARY = "libc++";
				CLANG_ENABLE_OBJC_ARC = YES;
				CLANG_WARN_CONSTANT_CONVERSION = YES;
				CLANG_WARN_EMPTY_BODY = YES;
				CLANG_WARN_ENUM_CONVERSION = YES;
				CLANG_WARN_INT_CONVERSION = YES;
				CLANG_WARN__DUPLICATE_METHOD_MATCH = YES;
				"CODE_SIGN_IDENTITY[sdk=iphoneos*]" = "iPhone Developer";
				COPY_PHASE_STRIP = NO;
				GCC_C_LANGUAGE_STANDARD = gnu99;
				GCC_DYNAMIC_NO_PIC = NO;
				GCC_OPTIMIZATION_LEVEL = 0;
				GCC_PREPROCESSOR_DEFINITIONS = (
					"DEBUG=1",
					"$(inherited)",
				);
				GCC_SYMBOLS_PRIVATE_EXTERN = NO;
				GCC_WARN_ABOUT_RETURN_TYPE = YES;
				GCC_WARN_UNINITIALIZED_AUTOS = YES;
				GCC_WARN_UNUSED_VARIABLE = YES;
				IPHONEOS_DEPLOYMENT_TARGET = 6.1;
				ONLY_ACTIVE_ARCH = YES;
				SDKROOT = iphoneos;
			};
			name = Debug;
		};
		437D315C1784424300686841 /* Release */ = {
			isa = XCBuildConfiguration;
			buildSettings = {
				ALWAYS_SEARCH_USER_PATHS = NO;
				CLANG_CXX_LANGUAGE_STANDARD = "gnu++0x";
				CLANG_CXX_LIBRARY = "libc++";
				CLANG_ENABLE_OBJC_ARC = YES;
				CLANG_WARN_CONSTANT_CONVERSION = YES;
				CLANG_WARN_EMPTY_BODY = YES;
				CLANG_WARN_ENUM_CONVERSION = YES;
				CLANG_WARN_INT_CONVERSION = YES;
				CLANG_WARN__DUPLICATE_METHOD_MATCH = YES;
				"CODE_SIGN_IDENTITY[sdk=iphoneos*]" = "iPhone Developer";
				COPY_PHASE_STRIP = YES;
				GCC_C_LANGUAGE_STANDARD = gnu99;
				GCC_WARN_ABOUT_RETURN_TYPE = YES;
				GCC_WARN_UNINITIALIZED_AUTOS = YES;
				GCC_WARN_UNUSED_VARIABLE = YES;
				IPHONEOS_DEPLOYMENT_TARGET = 6.1;
				OTHER_CFLAGS = "-DNS_BLOCK_ASSERTIONS=1";
				SDKROOT = iphoneos;
				VALIDATE_PRODUCT = YES;
			};
			name = Release;
		};
		437D315E1784424300686841 /* Debug */ = {
			isa = XCBuildConfiguration;
			buildSettings = {
				GCC_PRECOMPILE_PREFIX_HEADER = YES;
				GCC_PREFIX_HEADER = "JSON Test/JSON Test-Prefix.pch";
				INFOPLIST_FILE = "JSON Test/JSON Test-Info.plist";
				PRODUCT_NAME = "$(TARGET_NAME)";
				WRAPPER_EXTENSION = app;
			};
			name = Debug;
		};
		437D315F1784424300686841 /* Release */ = {
			isa = XCBuildConfiguration;
			buildSettings = {
				GCC_PRECOMPILE_PREFIX_HEADER = YES;
				GCC_PREFIX_HEADER = "JSON Test/JSON Test-Prefix.pch";
				INFOPLIST_FILE = "JSON Test/JSON Test-Info.plist";
				PRODUCT_NAME = "$(TARGET_NAME)";
				WRAPPER_EXTENSION = app;
			};
			name = Release;
		};
/* End XCBuildConfiguration section */

/* Begin XCConfigurationList section */
		437D31351784424300686841 /* Build configuration list for PBXProject "JSON Test" */ = {
			isa = XCConfigurationList;
			buildConfigurations = (
				437D315B1784424300686841 /* Debug */,
				437D315C1784424300686841 /* Release */,
			);
			defaultConfigurationIsVisible = 0;
			defaultConfigurationName = Release;
		};
		437D315D1784424300686841 /* Build configuration list for PBXNativeTarget "JSON Test" */ = {
			isa = XCConfigurationList;
			buildConfigurations = (
				437D315E1784424300686841 /* Debug */,
				437D315F1784424300686841 /* Release */,
			);
			defaultConfigurationIsVisible = 0;
			defaultConfigurationName = Release;
		};
/* End XCConfigurationList section */
	};
	rootObject = 437D31321784424300686841 /* Project object */;
}
